{
  "name": "immich-create-albums-from-external-library-folders",
  "version": "0.1.0",
  "lockfileVersion": 3,
  "requires": true,
  "packages": {
    "": {
      "name": "immich-create-albums-from-external-library-folders",
      "version": "0.1.0",
      "license": "MIT",
      "dependencies": {
        "@immich/sdk": "^2.2.1"
      }
    },
    "node_modules/@immich/sdk": {
      "version": "2.2.1",
      "resolved": "https://registry.npmjs.org/@immich/sdk/-/sdk-2.2.1.tgz",
      "integrity": "sha512-qng3YgU5lWrZ27/DaGbNJgvOpfqCc1Qc/ZcbVrqaVA9vQ/r3cmjhAFQ2ujDkDHBOcisVPML+6uDXeQUnewymLg==",
      "license": "GNU Affero General Public License version 3",
      "dependencies": {
        "@oazapfts/runtime": "^1.0.2"
      }
    },
    "node_modules/@oazapfts/runtime": {
      "version": "1.0.4",
      "resolved": "https://registry.npmjs.org/@oazapfts/runtime/-/runtime-1.0.4.tgz",
      "integrity": "sha512-7t6C2shug/6tZhQgkCa532oTYBLEnbASV/i1SG1rH2GB4h3aQQujYciYSPT92hvN4IwTe8S2hPkN/6iiOyTlCg==",
      "license": "MIT"
    }
  }
}
